
Microsoft Visual Studio Solution File, Format Version 11.00
# Visual Studio 2010
# SharpDevelop 4.4
Project("{FAE04EC0-301F-11D3-BF4B-00C04F79EFBC}") = "Persistencia01", "Persistencia01\Persistencia01.csproj", "{95986A53-24F6-4773-AB8D-ECA918FE46D0}"
EndProject
Global
	GlobalSection(SolutionConfigurationPlatforms) = preSolution
		Debug|Any CPU = Debug|Any CPU
		Release|Any CPU = Release|Any CPU
	EndGlobalSection
	GlobalSection(ProjectConfigurationPlatforms) = postSolution
		{95986A53-24F6-4773-AB8D-ECA918FE46D0}.Debug|Any CPU.Build.0 = Debug|Any CPU
		{95986A53-24F6-4773-AB8D-ECA918FE46D0}.Debug|Any CPU.ActiveCfg = Debug|Any CPU
		{95986A53-24F6-4773-AB8D-ECA918FE46D0}.Release|Any CPU.Build.0 = Release|Any CPU
		{95986A53-24F6-4773-AB8D-ECA918FE46D0}.Release|Any CPU.ActiveCfg = Release|Any CPU
	EndGlobalSection
EndGlobal
